// !$*UTF8*$!
{
	archiveVersion = 1;
	classes = {
	};
	objectVersion = 50;
	objects = {

/* Begin PBXBuildFile section */
		496336FE244B55C200DE9EF3 /* AppDelegate.swift in Sources */ = {isa = PBXBuildFile; fileRef = 496336FD244B55C200DE9EF3 /* AppDelegate.swift */; };
		49633700244B55C200DE9EF3 /* SceneDelegate.swift in Sources */ = {isa = PBXBuildFile; fileRef = 496336FF244B55C200DE9EF3 /* SceneDelegate.swift */; };
		49633702244B55C200DE9EF3 /* ContentView.swift in Sources */ = {isa = PBXBuildFile; fileRef = 49633701244B55C200DE9EF3 /* ContentView.swift */; };
		49633704244B55C400DE9EF3 /* Assets.xcassets in Resources */ = {isa = PBXBuildFile; fileRef = 49633703244B55C400DE9EF3 /* Assets.xcassets */; };
		49633707244B55C400DE9EF3 /* Preview Assets.xcassets in Resources */ = {isa = PBXBuildFile; fileRef = 49633706244B55C400DE9EF3 /* Preview Assets.xcassets */; };
		4963370A244B55C400DE9EF3 /* LaunchScreen.storyboard in Resources */ = {isa = PBXBuildFile; fileRef = 49633708244B55C400DE9EF3 /* LaunchScreen.storyboard */; };
		49633715244B55C400DE9EF3 /* ContextMenuTests.swift in Sources */ = {isa = PBXBuildFile; fileRef = 49633714244B55C400DE9EF3 /* ContextMenuTests.swift */; };
		49633720244B55C400DE9EF3 /* ContextMenuUITests.swift in Sources */ = {isa = PBXBuildFile; fileRef = 4963371F244B55C400DE9EF3 /* ContextMenuUITests.swift */; };
/* End PBXBuildFile section */

/* Begin PBXContainerItemProxy section */
		49633711244B55C400DE9EF3 /* PBXContainerItemProxy */ = {
			isa = PBXContainerItemProxy;
			containerPortal = 496336F2244B55C200DE9EF3 /* Project object */;
			proxyType = 1;
			remoteGlobalIDString = 496336F9244B55C200DE9EF3;
			remoteInfo = ContextMenu;
		};
		4963371C244B55C400DE9EF3 /* PBXContainerItemProxy */ = {
			isa = PBXContainerItemProxy;
			containerPortal = 496336F2244B55C200DE9EF3 /* Project object */;
			proxyType = 1;
			remoteGlobalIDString = 496336F9244B55C200DE9EF3;
			remoteInfo = ContextMenu;
		};
/* End PBXContainerItemProxy section */

/* Begin PBXFileReference section */
		496336FA244B55C200DE9EF3 /* ContextMenu.app */ = {isa = PBXFileReference; explicitFileType = wrapper.application; includeInIndex = 0; path = ContextMenu.app; sourceTree = BUILT_PRODUCTS_DIR; };
		496336FD244B55C200DE9EF3 /* AppDelegate.swift */ = {isa = PBXFileReference; lastKnownFileType = sourcecode.swift; path = AppDelegate.swift; sourceTree = "<group>"; };
		496336FF244B55C200DE9EF3 /* SceneDelegate.swift */ = {isa = PBXFileReference; lastKnownFileType = sourcecode.swift; path = SceneDelegate.swift; sourceTree = "<group>"; };
		49633701244B55C200DE9EF3 /* ContentView.swift */ = {isa = PBXFileReference; lastKnownFileType = sourcecode.swift; path = ContentView.swift; sourceTree = "<group>"; };
		49633703244B55C400DE9EF3 /* Assets.xcassets */ = {isa = PBXFileReference; lastKnownFileType = folder.assetcatalog; path = Assets.xcassets; sourceTree = "<group>"; };
		49633706244B55C400DE9EF3 /* Preview Assets.xcassets */ = {isa = PBXFileReference; lastKnownFileType = folder.assetcatalog; path = "Preview Assets.xcassets"; sourceTree = "<group>"; };
		49633709244B55C400DE9EF3 /* Base */ = {isa = PBXFileReference; lastKnownFileType = file.storyboard; name = Base; path = Base.lproj/LaunchScreen.storyboard; sourceTree = "<group>"; };
		4963370B244B55C400DE9EF3 /* Info.plist */ = {isa = PBXFileReference; lastKnownFileType = text.plist.xml; path = Info.plist; sourceTree = "<group>"; };
		49633710244B55C400DE9EF3 /* ContextMenuTests.xctest */ = {isa = PBXFileReference; explicitFileType = wrapper.cfbundle; includeInIndex = 0; path = ContextMenuTests.xctest; sourceTree = BUILT_PRODUCTS_DIR; };
		49633714244B55C400DE9EF3 /* ContextMenuTests.swift */ = {isa = PBXFileReference; lastKnownFileType = sourcecode.swift; path = ContextMenuTests.swift; sourceTree = "<group>"; };
		49633716244B55C400DE9EF3 /* Info.plist */ = {isa = PBXFileReference; lastKnownFileType = text.plist.xml; path = Info.plist; sourceTree = "<group>"; };
		4963371B244B55C400DE9EF3 /* ContextMenuUITests.xctest */ = {isa = PBXFileReference; explicitFileType = wrapper.cfbundle; includeInIndex = 0; path = ContextMenuUITests.xctest; sourceTree = BUILT_PRODUCTS_DIR; };
		4963371F244B55C400DE9EF3 /* ContextMenuUITests.swift */ = {isa = PBXFileReference; lastKnownFileType = sourcecode.swift; path = ContextMenuUITests.swift; sourceTree = "<group>"; };
		49633721244B55C400DE9EF3 /* Info.plist */ = {isa = PBXFileReference; lastKnownFileType = text.plist.xml; path = Info.plist; sourceTree = "<group>"; };
/* End PBXFileReference section */

/* Begin PBXFrameworksBuildPhase section */
		496336F7244B55C200DE9EF3 /* Frameworks */ = {
			isa = PBXFrameworksBuildPhase;
			buildActionMask = 2147483647;
			files = (
			);
			runOnlyForDeploymentPostprocessing = 0;
		};
		4963370D244B55C400DE9EF3 /* Frameworks */ = {
			isa = PBXFrameworksBuildPhase;
			buildActionMask = 2147483647;
			files = (
			);
			runOnlyForDeploymentPostprocessing = 0;
		};
		49633718244B55C400DE9EF3 /* Frameworks */ = {
			isa = PBXFrameworksBuildPhase;
			buildActionMask = 2147483647;
			files = (
			);
			runOnlyForDeploymentPostprocessing = 0;
		};
/* End PBXFrameworksBuildPhase section */

/* Begin PBXGroup section */
		496336F1244B55C200DE9EF3 = {
			isa = PBXGroup;
			children = (
				496336FC244B55C200DE9EF3 /* ContextMenu */,
				49633713244B55C400DE9EF3 /* ContextMenuTests */,
				4963371E244B55C400DE9EF3 /* ContextMenuUITests */,
				496336FB244B55C200DE9EF3 /* Products */,
			);
			sourceTree = "<group>";
		};
		496336FB244B55C200DE9EF3 /* Products */ = {
			isa = PBXGroup;
			children = (
				496336FA244B55C200DE9EF3 /* ContextMenu.app */,
				49633710244B55C400DE9EF3 /* ContextMenuTests.xctest */,
				4963371B244B55C400DE9EF3 /* ContextMenuUITests.xctest */,
			);
			name = Products;
			sourceTree = "<group>";
		};
		496336FC244B55C200DE9EF3 /* ContextMenu */ = {
			isa = PBXGroup;
			children = (
				496336FD244B55C200DE9EF3 /* AppDelegate.swift */,
				496336FF244B55C200DE9EF3 /* SceneDelegate.swift */,
				49633701244B55C200DE9EF3 /* ContentView.swift */,
				49633703244B55C400DE9EF3 /* Assets.xcassets */,
				49633708244B55C400DE9EF3 /* LaunchScreen.storyboard */,
				4963370B244B55C400DE9EF3 /* Info.plist */,
				49633705244B55C400DE9EF3 /* Preview Content */,
			);
			path = ContextMenu;
			sourceTree = "<group>";
		};
		49633705244B55C400DE9EF3 /* Preview Content */ = {
			isa = PBXGroup;
			children = (
				49633706244B55C400DE9EF3 /* Preview Assets.xcassets */,
			);
			path = "Preview Content";
			sourceTree = "<group>";
		};
		49633713244B55C400DE9EF3 /* ContextMenuTests */ = {
			isa = PBXGroup;
			children = (
				49633714244B55C400DE9EF3 /* ContextMenuTests.swift */,
				49633716244B55C400DE9EF3 /* Info.plist */,
			);
			path = ContextMenuTests;
			sourceTree = "<group>";
		};
		4963371E244B55C400DE9EF3 /* ContextMenuUITests */ = {
			isa = PBXGroup;
			children = (
				4963371F244B55C400DE9EF3 /* ContextMenuUITests.swift */,
				49633721244B55C400DE9EF3 /* Info.plist */,
			);
			path = ContextMenuUITests;
			sourceTree = "<group>";
		};
/* End PBXGroup section */

/* Begin PBXNativeTarget section */
		496336F9244B55C200DE9EF3 /* ContextMenu */ = {
			isa = PBXNativeTarget;
			buildConfigurationList = 49633724244B55C400DE9EF3 /* Build configuration list for PBXNativeTarget "ContextMenu" */;
			buildPhases = (
				496336F6244B55C200DE9EF3 /* Sources */,
				496336F7244B55C200DE9EF3 /* Frameworks */,
				496336F8244B55C200DE9EF3 /* Resources */,
			);
			buildRules = (
			);
			dependencies = (
			);
			name = ContextMenu;
			productName = ContextMenu;
			productReference = 496336FA244B55C200DE9EF3 /* ContextMenu.app */;
			productType = "com.apple.product-type.application";
		};
		4963370F244B55C400DE9EF3 /* ContextMenuTests */ = {
			isa = PBXNativeTarget;
			buildConfigurationList = 49633727244B55C400DE9EF3 /* Build configuration list for PBXNativeTarget "ContextMenuTests" */;
			buildPhases = (
				4963370C244B55C400DE9EF3 /* Sources */,
				4963370D244B55C400DE9EF3 /* Frameworks */,
				4963370E244B55C400DE9EF3 /* Resources */,
			);
			buildRules = (
			);
			dependencies = (
				49633712244B55C400DE9EF3 /* PBXTargetDependency */,
			);
			name = ContextMenuTests;
			productName = ContextMenuTests;
			productReference = 49633710244B55C400DE9EF3 /* ContextMenuTests.xctest */;
			productType = "com.apple.product-type.bundle.unit-test";
		};
		4963371A244B55C400DE9EF3 /* ContextMenuUITests */ = {
			isa = PBXNativeTarget;
			buildConfigurationList = 4963372A244B55C400DE9EF3 /* Build configuration list for PBXNativeTarget "ContextMenuUITests" */;
			buildPhases = (
				49633717244B55C400DE9EF3 /* Sources */,
				49633718244B55C400DE9EF3 /* Frameworks */,
				49633719244B55C400DE9EF3 /* Resources */,
			);
			buildRules = (
			);
			dependencies = (
				4963371D244B55C400DE9EF3 /* PBXTargetDependency */,
			);
			name = ContextMenuUITests;
			productName = ContextMenuUITests;
			productReference = 4963371B244B55C400DE9EF3 /* ContextMenuUITests.xctest */;
			productType = "com.apple.product-type.bundle.ui-testing";
		};
/* End PBXNativeTarget section */

/* Begin PBXProject section */
		496336F2244B55C200DE9EF3 /* Project object */ = {
			isa = PBXProject;
			attributes = {
				LastSwiftUpdateCheck = 1130;
				LastUpgradeCheck = 1130;
				ORGANIZATIONNAME = "Akash Padhiyar";
				TargetAttributes = {
					496336F9244B55C200DE9EF3 = {
						CreatedOnToolsVersion = 11.3.1;
					};
					4963370F244B55C400DE9EF3 = {
						CreatedOnToolsVersion = 11.3.1;
						TestTargetID = 496336F9244B55C200DE9EF3;
					};
					4963371A244B55C400DE9EF3 = {
						CreatedOnToolsVersion = 11.3.1;
						TestTargetID = 496336F9244B55C200DE9EF3;
					};
				};
			};
			buildConfigurationList = 496336F5244B55C200DE9EF3 /* Build configuration list for PBXProject "ContextMenu" */;
			compatibilityVersion = "Xcode 9.3";
			developmentRegion = en;
			hasScannedForEncodings = 0;
			knownRegions = (
				en,
				Base,
			);
			mainGroup = 496336F1244B55C200DE9EF3;
			productRefGroup = 496336FB244B55C200DE9EF3 /* Products */;
			projectDirPath = "";
			projectRoot = "";
			targets = (
				496336F9244B55C200DE9EF3 /* ContextMenu */,
				4963370F244B55C400DE9EF3 /* ContextMenuTests */,
				4963371A244B55C400DE9EF3 /* ContextMenuUITests */,
			);
		};
/* End PBXProject section */

/* Begin PBXResourcesBuildPhase section */
		496336F8244B55C200DE9EF3 /* Resources */ = {
			isa = PBXResourcesBuildPhase;
			buildActionMask = 2147483647;
			files = (
				4963370A244B55C400DE9EF3 /* LaunchScreen.storyboard in Resources */,
				49633707244B55C400DE9EF3 /* Preview Assets.xcassets in Resources */,
				49633704244B55C400DE9EF3 /* Assets.xcassets in Resources */,
			);
			runOnlyForDeploymentPostprocessing = 0;
		};
		4963370E244B55C400DE9EF3 /* Resources */ = {
			isa = PBXResourcesBuildPhase;
			buildActionMask = 2147483647;
			files = (
			);
			runOnlyForDeploymentPostprocessing = 0;
		};
		49633719244B55C400DE9EF3 /* Resources */ = {
			isa = PBXResourcesBuildPhase;
			buildActionMask = 2147483647;
			files = (
			);
			runOnlyForDeploymentPostprocessing = 0;
		};
/* End PBXResourcesBuildPhase section */

/* Begin PBXSourcesBuildPhase section */
		496336F6244B55C200DE9EF3 /* Sources */ = {
			isa = PBXSourcesBuildPhase;
			buildActionMask = 2147483647;
			files = (
				496336FE244B55C200DE9EF3 /* AppDelegate.swift in Sources */,
				49633700244B55C200DE9EF3 /* SceneDelegate.swift in Sources */,
				49633702244B55C200DE9EF3 /* ContentView.swift in Sources */,
			);
			runOnlyForDeploymentPostprocessing = 0;
		};
		4963370C244B55C400DE9EF3 /* Sources */ = {
			isa = PBXSourcesBuildPhase;
			buildActionMask = 2147483647;
			files = (
				49633715244B55C400DE9EF3 /* ContextMenuTests.swift in Sources */,
			);
			runOnlyForDeploymentPostprocessing = 0;
		};
		49633717244B55C400DE9EF3 /* Sources */ = {
			isa = PBXSourcesBuildPhase;
			buildActionMask = 2147483647;
			files = (
				49633720244B55C400DE9EF3 /* ContextMenuUITests.swift in Sources */,
			);
			runOnlyForDeploymentPostprocessing = 0;
		};
/* End PBXSourcesBuildPhase section */

/* Begin PBXTargetDependency section */
		49633712244B55C400DE9EF3 /* PBXTargetDependency */ = {
			isa = PBXTargetDependency;
			target = 496336F9244B55C200DE9EF3 /* ContextMenu */;
			targetProxy = 49633711244B55C400DE9EF3 /* PBXContainerItemProxy */;
		};
		4963371D244B55C400DE9EF3 /* PBXTargetDependency */ = {
			isa = PBXTargetDependency;
			target = 496336F9244B55C200DE9EF3 /* ContextMenu */;
			targetProxy = 4963371C244B55C400DE9EF3 /* PBXContainerItemProxy */;
		};
/* End PBXTargetDependency section */

/* Begin PBXVariantGroup section */
		49633708244B55C400DE9EF3 /* LaunchScreen.storyboard */ = {
			isa = PBXVariantGroup;
			children = (
				49633709244B55C400DE9EF3 /* Base */,
			);
			name = LaunchScreen.storyboard;
			sourceTree = "<group>";
		};
/* End PBXVariantGroup section */

/* Begin XCBuildConfiguration section */
		49633722244B55C400DE9EF3 /* Debug */ = {
			isa = XCBuildConfiguration;
			buildSettings = {
				ALWAYS_SEARCH_USER_PATHS = NO;
				CLANG_ANALYZER_NONNULL = YES;
				CLANG_ANALYZER_NUMBER_OBJECT_CONVERSION = YES_AGGRESSIVE;
				CLANG_CXX_LANGUAGE_STANDARD = "gnu++14";
				CLANG_CXX_LIBRARY = "libc++";
				CLANG_ENABLE_MODULES = YES;
				CLANG_ENABLE_OBJC_ARC = YES;
				CLANG_ENABLE_OBJC_WEAK = YES;
				CLANG_WARN_BLOCK_CAPTURE_AUTORELEASING = YES;
				CLANG_WARN_BOOL_CONVERSION = YES;
				CLANG_WARN_COMMA = YES;
				CLANG_WARN_CONSTANT_CONVERSION = YES;
				CLANG_WARN_DEPRECATED_OBJC_IMPLEMENTATIONS = YES;
				CLANG_WARN_DIRECT_OBJC_ISA_USAGE = YES_ERROR;
				CLANG_WARN_DOCUMENTATION_COMMENTS = YES;
				CLANG_WARN_EMPTY_BODY = YES;
				CLANG_WARN_ENUM_CONVERSION = YES;
				CLANG_WARN_INFINITE_RECURSION = YES;
				CLANG_WARN_INT_CONVERSION = YES;
				CLANG_WARN_NON_LITERAL_NULL_CONVERSION = YES;
				CLANG_WARN_OBJC_IMPLICIT_RETAIN_SELF = YES;
				CLANG_WARN_OBJC_LITERAL_CONVERSION = YES;
				CLANG_WARN_OBJC_ROOT_CLASS = YES_ERROR;
				CLANG_WARN_RANGE_LOOP_ANALYSIS = YES;
				CLANG_WARN_STRICT_PROTOTYPES = YES;
				CLANG_WARN_SUSPICIOUS_MOVE = YES;
				CLANG_WARN_UNGUARDED_AVAILABILITY = YES_AGGRESSIVE;
				CLANG_WARN_UNREACHABLE_CODE = YES;
				CLANG_WARN__DUPLICATE_METHOD_MATCH = YES;
				COPY_PHASE_STRIP = NO;
				DEBUG_INFORMATION_FORMAT = dwarf;
				ENABLE_STRICT_OBJC_MSGSEND = YES;
				ENABLE_TESTABILITY = YES;
				GCC_C_LANGUAGE_STANDARD = gnu11;
				GCC_DYNAMIC_NO_PIC = NO;
				GCC_NO_COMMON_BLOCKS = YES;
				GCC_OPTIMIZATION_LEVEL = 0;
				GCC_PREPROCESSOR_DEFINITIONS = (
					"DEBUG=1",
					"$(inherited)",
				);
				GCC_WARN_64_TO_32_BIT_CONVERSION = YES;
				GCC_WARN_ABOUT_RETURN_TYPE = YES_ERROR;
				GCC_WARN_UNDECLARED_SELECTOR = YES;
				GCC_WARN_UNINITIALIZED_AUTOS = YES_AGGRESSIVE;
				GCC_WARN_UNUSED_FUNCTION = YES;
				GCC_WARN_UNUSED_VARIABLE = YES;
				IPHONEOS_DEPLOYMENT_TARGET = 13.2;
				MTL_ENABLE_DEBUG_INFO = INCLUDE_SOURCE;
				MTL_FAST_MATH = YES;
				ONLY_ACTIVE_ARCH = YES;
				SDKROOT = iphoneos;
				SWIFT_ACTIVE_COMPILATION_CONDITIONS = DEBUG;
				SWIFT_OPTIMIZATION_LEVEL = "-Onone";
			};
			name = Debug;
		};
		49633723244B55C400DE9EF3 /* Release */ = {
			isa = XCBuildConfiguration;
			buildSettings = {
				ALWAYS_SEARCH_USER_PATHS = NO;
				CLANG_ANALYZER_NONNULL = YES;
				CLANG_ANALYZER_NUMBER_OBJECT_CONVERSION = YES_AGGRESSIVE;
				CLANG_CXX_LANGUAGE_STANDARD = "gnu++14";
				CLANG_CXX_LIBRARY = "libc++";
				CLANG_ENABLE_MODULES = YES;
				CLANG_ENABLE_OBJC_ARC = YES;
				CLANG_ENABLE_OBJC_WEAK = YES;
				CLANG_WARN_BLOCK_CAPTURE_AUTORELEASING = YES;
				CLANG_WARN_BOOL_CONVERSION = YES;
				CLANG_WARN_COMMA = YES;
				CLANG_WARN_CONSTANT_CONVERSION = YES;
				CLANG_WARN_DEPRECATED_OBJC_IMPLEMENTATIONS = YES;
				CLANG_WARN_DIRECT_OBJC_ISA_USAGE = YES_ERROR;
				CLANG_WARN_DOCUMENTATION_COMMENTS = YES;
				CLANG_WARN_EMPTY_BODY = YES;
				CLANG_WARN_ENUM_CONVERSION = YES;
				CLANG_WARN_INFINITE_RECURSION = YES;
				CLANG_WARN_INT_CONVERSION = YES;
				CLANG_WARN_NON_LITERAL_NULL_CONVERSION = YES;
				CLANG_WARN_OBJC_IMPLICIT_RETAIN_SELF = YES;
				CLANG_WARN_OBJC_LITERAL_CONVERSION = YES;
				CLANG_WARN_OBJC_ROOT_CLASS = YES_ERROR;
				CLANG_WARN_RANGE_LOOP_ANALYSIS = YES;
				CLANG_WARN_STRICT_PROTOTYPES = YES;
				CLANG_WARN_SUSPICIOUS_MOVE = YES;
				CLANG_WARN_UNGUARDED_AVAILABILITY = YES_AGGRESSIVE;
				CLANG_WARN_UNREACHABLE_CODE = YES;
				CLANG_WARN__DUPLICATE_METHOD_MATCH = YES;
				COPY_PHASE_STRIP = NO;
				DEBUG_INFORMATION_FORMAT = "dwarf-with-dsym";
				ENABLE_NS_ASSERTIONS = NO;
				ENABLE_STRICT_OBJC_MSGSEND = YES;
				GCC_C_LANGUAGE_STANDARD = gnu11;
				GCC_NO_COMMON_BLOCKS = YES;
				GCC_WARN_64_TO_32_BIT_CONVERSION = YES;
				GCC_WARN_ABOUT_RETURN_TYPE = YES_ERROR;
				GCC_WARN_UNDECLARED_SELECTOR = YES;
				GCC_WARN_UNINITIALIZED_AUTOS = YES_AGGRESSIVE;
				GCC_WARN_UNUSED_FUNCTION = YES;
				GCC_WARN_UNUSED_VARIABLE = YES;
				IPHONEOS_DEPLOYMENT_TARGET = 13.2;
				MTL_ENABLE_DEBUG_INFO = NO;
				MTL_FAST_MATH = YES;
				SDKROOT = iphoneos;
				SWIFT_COMPILATION_MODE = wholemodule;
				SWIFT_OPTIMIZATION_LEVEL = "-O";
				VALIDATE_PRODUCT = YES;
			};
			name = Release;
		};
		49633725244B55C400DE9EF3 /* Debug */ = {
			isa = XCBuildConfiguration;
			buildSettings = {
				ASSETCATALOG_COMPILER_APPICON_NAME = AppIcon;
				CODE_SIGN_STYLE = Automatic;
				DEVELOPMENT_ASSET_PATHS = "\"ContextMenu/Preview Content\"";
				DEVELOPMENT_TEAM = CVSFX684F5;
				ENABLE_PREVIEWS = YES;
				INFOPLIST_FILE = ContextMenu/Info.plist;
				LD_RUNPATH_SEARCH_PATHS = (
					"$(inherited)",
					"@executable_path/Frameworks",
				);
				PRODUCT_BUNDLE_IDENTIFIER = com.akashtechnolabs.ContextMenu;
				PRODUCT_NAME = "$(TARGET_NAME)";
				SWIFT_VERSION = 5.0;
				TARGETED_DEVICE_FAMILY = "1,2";
			};
			name = Debug;
		};
		49633726244B55C400DE9EF3 /* Release */ = {
			isa = XCBuildConfiguration;
			buildSettings = {
				ASSETCATALOG_COMPILER_APPICON_NAME = AppIcon;
				CODE_SIGN_STYLE = Automatic;
				DEVELOPMENT_ASSET_PATHS = "\"ContextMenu/Preview Content\"";
				DEVELOPMENT_TEAM = CVSFX684F5;
				ENABLE_PREVIEWS = YES;
				INFOPLIST_FILE = ContextMenu/Info.plist;
				LD_RUNPATH_SEARCH_PATHS = (
					"$(inherited)",
					"@executable_path/Frameworks",
				);
				PRODUCT_BUNDLE_IDENTIFIER = com.akashtechnolabs.ContextMenu;
				PRODUCT_NAME = "$(TARGET_NAME)";
				SWIFT_VERSION = 5.0;
				TARGETED_DEVICE_FAMILY = "1,2";
			};
			name = Release;
		};
		49633728244B55C400DE9EF3 /* Debug */ = {
			isa = XCBuildConfiguration;
			buildSettings = {
				ALWAYS_EMBED_SWIFT_STANDARD_LIBRARIES = YES;
				BUNDLE_LOADER = "$(TEST_HOST)";
				CODE_SIGN_STYLE = Automatic;
				DEVELOPMENT_TEAM = CVSFX684F5;
				INFOPLIST_FILE = ContextMenuTests/Info.plist;
				IPHONEOS_DEPLOYMENT_TARGET = 13.2;
				LD_RUNPATH_SEARCH_PATHS = (
					"$(inherited)",
					"@executable_path/Frameworks",
					"@loader_path/Frameworks",
				);
				PRODUCT_BUNDLE_IDENTIFIER = com.akashtechnolabs.ContextMenuTests;
				PRODUCT_NAME = "$(TARGET_NAME)";
				SWIFT_VERSION = 5.0;
				TARGETED_DEVICE_FAMILY = "1,2";
				TEST_HOST = "$(BUILT_PRODUCTS_DIR)/ContextMenu.app/ContextMenu";
			};
			name = Debug;
		};
		49633729244B55C400DE9EF3 /* Release */ = {
			isa = XCBuildConfiguration;
			buildSettings = {
				ALWAYS_EMBED_SWIFT_STANDARD_LIBRARIES = YES;
				BUNDLE_LOADER = "$(TEST_HOST)";
				CODE_SIGN_STYLE = Automatic;
				DEVELOPMENT_TEAM = CVSFX684F5;
				INFOPLIST_FILE = ContextMenuTests/Info.plist;
				IPHONEOS_DEPLOYMENT_TARGET = 13.2;
				LD_RUNPATH_SEARCH_PATHS = (
					"$(inherited)",
					"@executable_path/Frameworks",
					"@loader_path/Frameworks",
				);
				PRODUCT_BUNDLE_IDENTIFIER = com.akashtechnolabs.ContextMenuTests;
				PRODUCT_NAME = "$(TARGET_NAME)";
				SWIFT_VERSION = 5.0;
				TARGETED_DEVICE_FAMILY = "1,2";
				TEST_HOST = "$(BUILT_PRODUCTS_DIR)/ContextMenu.app/ContextMenu";
			};
			name = Release;
		};
		4963372B244B55C400DE9EF3 /* Debug */ = {
			isa = XCBuildConfiguration;
			buildSettings = {
				ALWAYS_EMBED_SWIFT_STANDARD_LIBRARIES = YES;
				CODE_SIGN_STYLE = Automatic;
				DEVELOPMENT_TEAM = CVSFX684F5;
				INFOPLIST_FILE = ContextMenuUITests/Info.plist;
				LD_RUNPATH_SEARCH_PATHS = (
					"$(inherited)",
					"@executable_path/Frameworks",
					"@loader_path/Frameworks",
				);
				PRODUCT_BUNDLE_IDENTIFIER = com.akashtechnolabs.ContextMenuUITests;
				PRODUCT_NAME = "$(TARGET_NAME)";
				SWIFT_VERSION = 5.0;
				TARGETED_DEVICE_FAMILY = "1,2";
				TEST_TARGET_NAME = ContextMenu;
			};
			name = Debug;
		};
		4963372C244B55C400DE9EF3 /* Release */ = {
			isa = XCBuildConfiguration;
			buildSettings = {
				ALWAYS_EMBED_SWIFT_STANDARD_LIBRARIES = YES;
				CODE_SIGN_STYLE = Automatic;
				DEVELOPMENT_TEAM = CVSFX684F5;
				INFOPLIST_FILE = ContextMenuUITests/Info.plist;
				LD_RUNPATH_SEARCH_PATHS = (
					"$(inherited)",
					"@executable_path/Frameworks",
					"@loader_path/Frameworks",
				);
				PRODUCT_BUNDLE_IDENTIFIER = com.akashtechnolabs.ContextMenuUITests;
				PRODUCT_NAME = "$(TARGET_NAME)";
				SWIFT_VERSION = 5.0;
				TARGETED_DEVICE_FAMILY = "1,2";
				TEST_TARGET_NAME = ContextMenu;
			};
			name = Release;
		};
/* End XCBuildConfiguration section */

/* Begin XCConfigurationList section */
		496336F5244B55C200DE9EF3 /* Build configuration list for PBXProject "ContextMenu" */ = {
			isa = XCConfigurationList;
			buildConfigurations = (
				49633722244B55C400DE9EF3 /* Debug */,
				49633723244B55C400DE9EF3 /* Release */,
			);
			defaultConfigurationIsVisible = 0;
			defaultConfigurationName = Release;
		};
		49633724244B55C400DE9EF3 /* Build configuration list for PBXNativeTarget "ContextMenu" */ = {
			isa = XCConfigurationList;
			buildConfigurations = (
				49633725244B55C400DE9EF3 /* Debug */,
				49633726244B55C400DE9EF3 /* Release */,
			);
			defaultConfigurationIsVisible = 0;
			defaultConfigurationName = Release;
		};
		49633727244B55C400DE9EF3 /* Build configuration list for PBXNativeTarget "ContextMenuTests" */ = {
			isa = XCConfigurationList;
			buildConfigurations = (
				49633728244B55C400DE9EF3 /* Debug */,
				49633729244B55C400DE9EF3 /* Release */,
			);
			defaultConfigurationIsVisible = 0;
			defaultConfigurationName = Release;
		};
		4963372A244B55C400DE9EF3 /* Build configuration list for PBXNativeTarget "ContextMenuUITests" */ = {
			isa = XCConfigurationList;
			buildConfigurations = (
				4963372B244B55C400DE9EF3 /* Debug */,
				4963372C244B55C400DE9EF3 /* Release */,
			);
			defaultConfigurationIsVisible = 0;
			defaultConfigurationName = Release;
		};
/* End XCConfigurationList section */
	};
	rootObject = 496336F2244B55C200DE9EF3 /* Project object */;
}
